
Microsoft Visual Studio Solution File, Format Version 12.00
# Visual Studio Version 17
VisualStudioVersion = 17.14.36408.4 d17.14
MinimumVisualStudioVersion = 10.0.40219.1
Project("{FAE04EC0-301F-11D3-BF4B-00C04F79EFBC}") = "GymManagmentPL", "GymManagmentPL\GymManagmentPL.csproj", "{73CBAE62-EA3E-4B83-85EB-257584305F04}"
EndProject
Project("{FAE04EC0-301F-11D3-BF4B-00C04F79EFBC}") = "GymManagmentDAL", "GymManagmentDAL\GymManagmentDAL.csproj", "{53D7883F-D835-49C1-AA77-F53E8EC4B4A7}"
EndProject
Project("{FAE04EC0-301F-11D3-BF4B-00C04F79EFBC}") = "GymmanagmentBLL", "GymmanagmentBLL\GymmanagmentBLL.csproj", "{001A07BA-DCDA-4C79-80D3-F416D63992EE}"
EndProject
Global
	GlobalSection(SolutionConfigurationPlatforms) = preSolution
		Debug|Any CPU = Debug|Any CPU
		Release|Any CPU = Release|Any CPU
	EndGlobalSection
	GlobalSection(ProjectConfigurationPlatforms) = postSolution
		{73CBAE62-EA3E-4B83-85EB-257584305F04}.Debug|Any CPU.ActiveCfg = Debug|Any CPU
		{73CBAE62-EA3E-4B83-85EB-257584305F04}.Debug|Any CPU.Build.0 = Debug|Any CPU
		{73CBAE62-EA3E-4B83-85EB-257584305F04}.Release|Any CPU.ActiveCfg = Release|Any CPU
		{73CBAE62-EA3E-4B83-85EB-257584305F04}.Release|Any CPU.Build.0 = Release|Any CPU
		{53D7883F-D835-49C1-AA77-F53E8EC4B4A7}.Debug|Any CPU.ActiveCfg = Debug|Any CPU
		{53D7883F-D835-49C1-AA77-F53E8EC4B4A7}.Debug|Any CPU.Build.0 = Debug|Any CPU
		{53D7883F-D835-49C1-AA77-F53E8EC4B4A7}.Release|Any CPU.ActiveCfg = Release|Any CPU
		{53D7883F-D835-49C1-AA77-F53E8EC4B4A7}.Release|Any CPU.Build.0 = Release|Any CPU
		{001A07BA-DCDA-4C79-80D3-F416D63992EE}.Debug|Any CPU.ActiveCfg = Debug|Any CPU
		{001A07BA-DCDA-4C79-80D3-F416D63992EE}.Debug|Any CPU.Build.0 = Debug|Any CPU
		{001A07BA-DCDA-4C79-80D3-F416D63992EE}.Release|Any CPU.ActiveCfg = Release|Any CPU
		{001A07BA-DCDA-4C79-80D3-F416D63992EE}.Release|Any CPU.Build.0 = Release|Any CPU
	EndGlobalSection
	GlobalSection(SolutionProperties) = preSolution
		HideSolutionNode = FALSE
	EndGlobalSection
	GlobalSection(ExtensibilityGlobals) = postSolution
		SolutionGuid = {99C869B3-B319-4BA3-BB2E-47DD880CE8F6}
	EndGlobalSection
EndGlobal
